
Microsoft Visual Studio Solution File, Format Version 12.00
# Visual Studio Version 16
VisualStudioVersion = 16.0.30907.101
MinimumVisualStudioVersion = 10.0.40219.1
Project("{FAE04EC0-301F-11D3-BF4B-00C04F79EFBC}") = "Pipelines", "Pipelines\Pipelines.csproj", "{99D0233B-EC05-4F34-B90D-3317DF3ABE8F}"
EndProject
Global
	GlobalSection(SolutionConfigurationPlatforms) = preSolution
		Debug|Any CPU = Debug|Any CPU
		Release|Any CPU = Release|Any CPU
	EndGlobalSection
	GlobalSection(ProjectConfigurationPlatforms) = postSolution
		{99D0233B-EC05-4F34-B90D-3317DF3ABE8F}.Debug|Any CPU.ActiveCfg = Debug|Any CPU
		{99D0233B-EC05-4F34-B90D-3317DF3ABE8F}.Debug|Any CPU.Build.0 = Debug|Any CPU
		{99D0233B-EC05-4F34-B90D-3317DF3ABE8F}.Release|Any CPU.ActiveCfg = Release|Any CPU
		{99D0233B-EC05-4F34-B90D-3317DF3ABE8F}.Release|Any CPU.Build.0 = Release|Any CPU
	EndGlobalSection
	GlobalSection(SolutionProperties) = preSolution
		HideSolutionNode = FALSE
	EndGlobalSection
	GlobalSection(ExtensibilityGlobals) = postSolution
		SolutionGuid = {8DE03D7D-0FE3-4811-9B52-4163D8A20E97}
	EndGlobalSection
EndGlobal
